// !$*UTF8*$!
{
	archiveVersion = 1;
	classes = {
	};
	objectVersion = 50;
	objects = {

/* Begin PBXBuildFile section */
		412DE362259C3695009FE240 /* AboutViewController.swift in Sources */ = {isa = PBXBuildFile; fileRef = 412DE361259C3695009FE240 /* AboutViewController.swift */; };
		412DE367259C3A77009FE240 /* AboutTheAuthorViewController.swift in Sources */ = {isa = PBXBuildFile; fileRef = 412DE366259C3A77009FE240 /* AboutTheAuthorViewController.swift */; };
		412DE374259C92F1009FE240 /* BullsEye.html in Resources */ = {isa = PBXBuildFile; fileRef = 412DE373259C92F1009FE240 /* BullsEye.html */; };
		413BD3E9259975C400BD6D56 /* AppDelegate.swift in Sources */ = {isa = PBXBuildFile; fileRef = 413BD3E8259975C400BD6D56 /* AppDelegate.swift */; };
		413BD3EB259975C400BD6D56 /* SceneDelegate.swift in Sources */ = {isa = PBXBuildFile; fileRef = 413BD3EA259975C400BD6D56 /* SceneDelegate.swift */; };
		413BD3ED259975C400BD6D56 /* ViewController.swift in Sources */ = {isa = PBXBuildFile; fileRef = 413BD3EC259975C400BD6D56 /* ViewController.swift */; };
		413BD3F0259975C400BD6D56 /* Main.storyboard in Resources */ = {isa = PBXBuildFile; fileRef = 413BD3EE259975C400BD6D56 /* Main.storyboard */; };
		413BD3F2259975C600BD6D56 /* Assets.xcassets in Resources */ = {isa = PBXBuildFile; fileRef = 413BD3F1259975C600BD6D56 /* Assets.xcassets */; };
		413BD3F5259975C600BD6D56 /* LaunchScreen.storyboard in Resources */ = {isa = PBXBuildFile; fileRef = 413BD3F3259975C600BD6D56 /* LaunchScreen.storyboard */; };
		413BD400259975C700BD6D56 /* uikitGameTests.swift in Sources */ = {isa = PBXBuildFile; fileRef = 413BD3FF259975C700BD6D56 /* uikitGameTests.swift */; };
		413BD40B259975C700BD6D56 /* uikitGameUITests.swift in Sources */ = {isa = PBXBuildFile; fileRef = 413BD40A259975C700BD6D56 /* uikitGameUITests.swift */; };
/* End PBXBuildFile section */

/* Begin PBXContainerItemProxy section */
		413BD3FC259975C700BD6D56 /* PBXContainerItemProxy */ = {
			isa = PBXContainerItemProxy;
			containerPortal = 413BD3DD259975C400BD6D56 /* Project object */;
			proxyType = 1;
			remoteGlobalIDString = 413BD3E4259975C400BD6D56;
			remoteInfo = uikitGame;
		};
		413BD407259975C700BD6D56 /* PBXContainerItemProxy */ = {
			isa = PBXContainerItemProxy;
			containerPortal = 413BD3DD259975C400BD6D56 /* Project object */;
			proxyType = 1;
			remoteGlobalIDString = 413BD3E4259975C400BD6D56;
			remoteInfo = uikitGame;
		};
/* End PBXContainerItemProxy section */

/* Begin PBXFileReference section */
		412DE361259C3695009FE240 /* AboutViewController.swift */ = {isa = PBXFileReference; lastKnownFileType = sourcecode.swift; path = AboutViewController.swift; sourceTree = "<group>"; };
		412DE366259C3A77009FE240 /* AboutTheAuthorViewController.swift */ = {isa = PBXFileReference; lastKnownFileType = sourcecode.swift; path = AboutTheAuthorViewController.swift; sourceTree = "<group>"; };
		412DE373259C92F1009FE240 /* BullsEye.html */ = {isa = PBXFileReference; fileEncoding = 4; lastKnownFileType = text.html; path = BullsEye.html; sourceTree = "<group>"; };
		413BD3E5259975C400BD6D56 /* uikitGame.app */ = {isa = PBXFileReference; explicitFileType = wrapper.application; includeInIndex = 0; path = uikitGame.app; sourceTree = BUILT_PRODUCTS_DIR; };
		413BD3E8259975C400BD6D56 /* AppDelegate.swift */ = {isa = PBXFileReference; lastKnownFileType = sourcecode.swift; path = AppDelegate.swift; sourceTree = "<group>"; };
		413BD3EA259975C400BD6D56 /* SceneDelegate.swift */ = {isa = PBXFileReference; lastKnownFileType = sourcecode.swift; path = SceneDelegate.swift; sourceTree = "<group>"; };
		413BD3EC259975C400BD6D56 /* ViewController.swift */ = {isa = PBXFileReference; lastKnownFileType = sourcecode.swift; path = ViewController.swift; sourceTree = "<group>"; };
		413BD3EF259975C400BD6D56 /* Base */ = {isa = PBXFileReference; lastKnownFileType = file.storyboard; name = Base; path = Base.lproj/Main.storyboard; sourceTree = "<group>"; };
		413BD3F1259975C600BD6D56 /* Assets.xcassets */ = {isa = PBXFileReference; lastKnownFileType = folder.assetcatalog; path = Assets.xcassets; sourceTree = "<group>"; };
		413BD3F4259975C600BD6D56 /* Base */ = {isa = PBXFileReference; lastKnownFileType = file.storyboard; name = Base; path = Base.lproj/LaunchScreen.storyboard; sourceTree = "<group>"; };
		413BD3F6259975C600BD6D56 /* Info.plist */ = {isa = PBXFileReference; lastKnownFileType = text.plist.xml; path = Info.plist; sourceTree = "<group>"; };
		413BD3FB259975C700BD6D56 /* uikitGameTests.xctest */ = {isa = PBXFileReference; explicitFileType = wrapper.cfbundle; includeInIndex = 0; path = uikitGameTests.xctest; sourceTree = BUILT_PRODUCTS_DIR; };
		413BD3FF259975C700BD6D56 /* uikitGameTests.swift */ = {isa = PBXFileReference; lastKnownFileType = sourcecode.swift; path = uikitGameTests.swift; sourceTree = "<group>"; };
		413BD401259975C700BD6D56 /* Info.plist */ = {isa = PBXFileReference; lastKnownFileType = text.plist.xml; path = Info.plist; sourceTree = "<group>"; };
		413BD406259975C700BD6D56 /* uikitGameUITests.xctest */ = {isa = PBXFileReference; explicitFileType = wrapper.cfbundle; includeInIndex = 0; path = uikitGameUITests.xctest; sourceTree = BUILT_PRODUCTS_DIR; };
		413BD40A259975C700BD6D56 /* uikitGameUITests.swift */ = {isa = PBXFileReference; lastKnownFileType = sourcecode.swift; path = uikitGameUITests.swift; sourceTree = "<group>"; };
		413BD40C259975C700BD6D56 /* Info.plist */ = {isa = PBXFileReference; lastKnownFileType = text.plist.xml; path = Info.plist; sourceTree = "<group>"; };
/* End PBXFileReference section */

/* Begin PBXFrameworksBuildPhase section */
		413BD3E2259975C400BD6D56 /* Frameworks */ = {
			isa = PBXFrameworksBuildPhase;
			buildActionMask = 2147483647;
			files = (
			);
			runOnlyForDeploymentPostprocessing = 0;
		};
		413BD3F8259975C700BD6D56 /* Frameworks */ = {
			isa = PBXFrameworksBuildPhase;
			buildActionMask = 2147483647;
			files = (
			);
			runOnlyForDeploymentPostprocessing = 0;
		};
		413BD403259975C700BD6D56 /* Frameworks */ = {
			isa = PBXFrameworksBuildPhase;
			buildActionMask = 2147483647;
			files = (
			);
			runOnlyForDeploymentPostprocessing = 0;
		};
/* End PBXFrameworksBuildPhase section */

/* Begin PBXGroup section */
		413BD3DC259975C400BD6D56 = {
			isa = PBXGroup;
			children = (
				413BD3E7259975C400BD6D56 /* uikitGame */,
				413BD3FE259975C700BD6D56 /* uikitGameTests */,
				413BD409259975C700BD6D56 /* uikitGameUITests */,
				413BD3E6259975C400BD6D56 /* Products */,
			);
			sourceTree = "<group>";
		};
		413BD3E6259975C400BD6D56 /* Products */ = {
			isa = PBXGroup;
			children = (
				413BD3E5259975C400BD6D56 /* uikitGame.app */,
				413BD3FB259975C700BD6D56 /* uikitGameTests.xctest */,
				413BD406259975C700BD6D56 /* uikitGameUITests.xctest */,
			);
			name = Products;
			sourceTree = "<group>";
		};
		413BD3E7259975C400BD6D56 /* uikitGame */ = {
			isa = PBXGroup;
			children = (
				412DE373259C92F1009FE240 /* BullsEye.html */,
				413BD3E8259975C400BD6D56 /* AppDelegate.swift */,
				413BD3EA259975C400BD6D56 /* SceneDelegate.swift */,
				413BD3EC259975C400BD6D56 /* ViewController.swift */,
				412DE361259C3695009FE240 /* AboutViewController.swift */,
				413BD3EE259975C400BD6D56 /* Main.storyboard */,
				412DE366259C3A77009FE240 /* AboutTheAuthorViewController.swift */,
				413BD3F1259975C600BD6D56 /* Assets.xcassets */,
				413BD3F3259975C600BD6D56 /* LaunchScreen.storyboard */,
				413BD3F6259975C600BD6D56 /* Info.plist */,
			);
			path = uikitGame;
			sourceTree = "<group>";
		};
		413BD3FE259975C700BD6D56 /* uikitGameTests */ = {
			isa = PBXGroup;
			children = (
				413BD3FF259975C700BD6D56 /* uikitGameTests.swift */,
				413BD401259975C700BD6D56 /* Info.plist */,
			);
			path = uikitGameTests;
			sourceTree = "<group>";
		};
		413BD409259975C700BD6D56 /* uikitGameUITests */ = {
			isa = PBXGroup;
			children = (
				413BD40A259975C700BD6D56 /* uikitGameUITests.swift */,
				413BD40C259975C700BD6D56 /* Info.plist */,
			);
			path = uikitGameUITests;
			sourceTree = "<group>";
		};
/* End PBXGroup section */

/* Begin PBXNativeTarget section */
		413BD3E4259975C400BD6D56 /* uikitGame */ = {
			isa = PBXNativeTarget;
			buildConfigurationList = 413BD40F259975C700BD6D56 /* Build configuration list for PBXNativeTarget "uikitGame" */;
			buildPhases = (
				413BD3E1259975C400BD6D56 /* Sources */,
				413BD3E2259975C400BD6D56 /* Frameworks */,
				413BD3E3259975C400BD6D56 /* Resources */,
			);
			buildRules = (
			);
			dependencies = (
			);
			name = uikitGame;
			productName = uikitGame;
			productReference = 413BD3E5259975C400BD6D56 /* uikitGame.app */;
			productType = "com.apple.product-type.application";
		};
		413BD3FA259975C700BD6D56 /* uikitGameTests */ = {
			isa = PBXNativeTarget;
			buildConfigurationList = 413BD412259975C700BD6D56 /* Build configuration list for PBXNativeTarget "uikitGameTests" */;
			buildPhases = (
				413BD3F7259975C700BD6D56 /* Sources */,
				413BD3F8259975C700BD6D56 /* Frameworks */,
				413BD3F9259975C700BD6D56 /* Resources */,
			);
			buildRules = (
			);
			dependencies = (
				413BD3FD259975C700BD6D56 /* PBXTargetDependency */,
			);
			name = uikitGameTests;
			productName = uikitGameTests;
			productReference = 413BD3FB259975C700BD6D56 /* uikitGameTests.xctest */;
			productType = "com.apple.product-type.bundle.unit-test";
		};
		413BD405259975C700BD6D56 /* uikitGameUITests */ = {
			isa = PBXNativeTarget;
			buildConfigurationList = 413BD415259975C700BD6D56 /* Build configuration list for PBXNativeTarget "uikitGameUITests" */;
			buildPhases = (
				413BD402259975C700BD6D56 /* Sources */,
				413BD403259975C700BD6D56 /* Frameworks */,
				413BD404259975C700BD6D56 /* Resources */,
			);
			buildRules = (
			);
			dependencies = (
				413BD408259975C700BD6D56 /* PBXTargetDependency */,
			);
			name = uikitGameUITests;
			productName = uikitGameUITests;
			productReference = 413BD406259975C700BD6D56 /* uikitGameUITests.xctest */;
			productType = "com.apple.product-type.bundle.ui-testing";
		};
/* End PBXNativeTarget section */

/* Begin PBXProject section */
		413BD3DD259975C400BD6D56 /* Project object */ = {
			isa = PBXProject;
			attributes = {
				LastSwiftUpdateCheck = 1230;
				LastUpgradeCheck = 1230;
				TargetAttributes = {
					413BD3E4259975C400BD6D56 = {
						CreatedOnToolsVersion = 12.3;
					};
					413BD3FA259975C700BD6D56 = {
						CreatedOnToolsVersion = 12.3;
						TestTargetID = 413BD3E4259975C400BD6D56;
					};
					413BD405259975C700BD6D56 = {
						CreatedOnToolsVersion = 12.3;
						TestTargetID = 413BD3E4259975C400BD6D56;
					};
				};
			};
			buildConfigurationList = 413BD3E0259975C400BD6D56 /* Build configuration list for PBXProject "uikitGame" */;
			compatibilityVersion = "Xcode 9.3";
			developmentRegion = en;
			hasScannedForEncodings = 0;
			knownRegions = (
				en,
				Base,
			);
			mainGroup = 413BD3DC259975C400BD6D56;
			productRefGroup = 413BD3E6259975C400BD6D56 /* Products */;
			projectDirPath = "";
			projectRoot = "";
			targets = (
				413BD3E4259975C400BD6D56 /* uikitGame */,
				413BD3FA259975C700BD6D56 /* uikitGameTests */,
				413BD405259975C700BD6D56 /* uikitGameUITests */,
			);
		};
/* End PBXProject section */

/* Begin PBXResourcesBuildPhase section */
		413BD3E3259975C400BD6D56 /* Resources */ = {
			isa = PBXResourcesBuildPhase;
			buildActionMask = 2147483647;
			files = (
				413BD3F5259975C600BD6D56 /* LaunchScreen.storyboard in Resources */,
				412DE374259C92F1009FE240 /* BullsEye.html in Resources */,
				413BD3F2259975C600BD6D56 /* Assets.xcassets in Resources */,
				413BD3F0259975C400BD6D56 /* Main.storyboard in Resources */,
			);
			runOnlyForDeploymentPostprocessing = 0;
		};
		413BD3F9259975C700BD6D56 /* Resources */ = {
			isa = PBXResourcesBuildPhase;
			buildActionMask = 2147483647;
			files = (
			);
			runOnlyForDeploymentPostprocessing = 0;
		};
		413BD404259975C700BD6D56 /* Resources */ = {
			isa = PBXResourcesBuildPhase;
			buildActionMask = 2147483647;
			files = (
			);
			runOnlyForDeploymentPostprocessing = 0;
		};
/* End PBXResourcesBuildPhase section */

/* Begin PBXSourcesBuildPhase section */
		413BD3E1259975C400BD6D56 /* Sources */ = {
			isa = PBXSourcesBuildPhase;
			buildActionMask = 2147483647;
			files = (
				413BD3ED259975C400BD6D56 /* ViewController.swift in Sources */,
				413BD3E9259975C400BD6D56 /* AppDelegate.swift in Sources */,
				412DE362259C3695009FE240 /* AboutViewController.swift in Sources */,
				412DE367259C3A77009FE240 /* AboutTheAuthorViewController.swift in Sources */,
				413BD3EB259975C400BD6D56 /* SceneDelegate.swift in Sources */,
			);
			runOnlyForDeploymentPostprocessing = 0;
		};
		413BD3F7259975C700BD6D56 /* Sources */ = {
			isa = PBXSourcesBuildPhase;
			buildActionMask = 2147483647;
			files = (
				413BD400259975C700BD6D56 /* uikitGameTests.swift in Sources */,
			);
			runOnlyForDeploymentPostprocessing = 0;
		};
		413BD402259975C700BD6D56 /* Sources */ = {
			isa = PBXSourcesBuildPhase;
			buildActionMask = 2147483647;
			files = (
				413BD40B259975C700BD6D56 /* uikitGameUITests.swift in Sources */,
			);
			runOnlyForDeploymentPostprocessing = 0;
		};
/* End PBXSourcesBuildPhase section */

/* Begin PBXTargetDependency section */
		413BD3FD259975C700BD6D56 /* PBXTargetDependency */ = {
			isa = PBXTargetDependency;
			target = 413BD3E4259975C400BD6D56 /* uikitGame */;
			targetProxy = 413BD3FC259975C700BD6D56 /* PBXContainerItemProxy */;
		};
		413BD408259975C700BD6D56 /* PBXTargetDependency */ = {
			isa = PBXTargetDependency;
			target = 413BD3E4259975C400BD6D56 /* uikitGame */;
			targetProxy = 413BD407259975C700BD6D56 /* PBXContainerItemProxy */;
		};
/* End PBXTargetDependency section */

/* Begin PBXVariantGroup section */
		413BD3EE259975C400BD6D56 /* Main.storyboard */ = {
			isa = PBXVariantGroup;
			children = (
				413BD3EF259975C400BD6D56 /* Base */,
			);
			name = Main.storyboard;
			sourceTree = "<group>";
		};
		413BD3F3259975C600BD6D56 /* LaunchScreen.storyboard */ = {
			isa = PBXVariantGroup;
			children = (
				413BD3F4259975C600BD6D56 /* Base */,
			);
			name = LaunchScreen.storyboard;
			sourceTree = "<group>";
		};
/* End PBXVariantGroup section */

/* Begin XCBuildConfiguration section */
		413BD40D259975C700BD6D56 /* Debug */ = {
			isa = XCBuildConfiguration;
			buildSettings = {
				ALWAYS_SEARCH_USER_PATHS = NO;
				CLANG_ANALYZER_NONNULL = YES;
				CLANG_ANALYZER_NUMBER_OBJECT_CONVERSION = YES_AGGRESSIVE;
				CLANG_CXX_LANGUAGE_STANDARD = "gnu++14";
				CLANG_CXX_LIBRARY = "libc++";
				CLANG_ENABLE_MODULES = YES;
				CLANG_ENABLE_OBJC_ARC = YES;
				CLANG_ENABLE_OBJC_WEAK = YES;
				CLANG_WARN_BLOCK_CAPTURE_AUTORELEASING = YES;
				CLANG_WARN_BOOL_CONVERSION = YES;
				CLANG_WARN_COMMA = YES;
				CLANG_WARN_CONSTANT_CONVERSION = YES;
				CLANG_WARN_DEPRECATED_OBJC_IMPLEMENTATIONS = YES;
				CLANG_WARN_DIRECT_OBJC_ISA_USAGE = YES_ERROR;
				CLANG_WARN_DOCUMENTATION_COMMENTS = YES;
				CLANG_WARN_EMPTY_BODY = YES;
				CLANG_WARN_ENUM_CONVERSION = YES;
				CLANG_WARN_INFINITE_RECURSION = YES;
				CLANG_WARN_INT_CONVERSION = YES;
				CLANG_WARN_NON_LITERAL_NULL_CONVERSION = YES;
				CLANG_WARN_OBJC_IMPLICIT_RETAIN_SELF = YES;
				CLANG_WARN_OBJC_LITERAL_CONVERSION = YES;
				CLANG_WARN_OBJC_ROOT_CLASS = YES_ERROR;
				CLANG_WARN_QUOTED_INCLUDE_IN_FRAMEWORK_HEADER = YES;
				CLANG_WARN_RANGE_LOOP_ANALYSIS = YES;
				CLANG_WARN_STRICT_PROTOTYPES = YES;
				CLANG_WARN_SUSPICIOUS_MOVE = YES;
				CLANG_WARN_UNGUARDED_AVAILABILITY = YES_AGGRESSIVE;
				CLANG_WARN_UNREACHABLE_CODE = YES;
				CLANG_WARN__DUPLICATE_METHOD_MATCH = YES;
				COPY_PHASE_STRIP = NO;
				DEBUG_INFORMATION_FORMAT = dwarf;
				ENABLE_STRICT_OBJC_MSGSEND = YES;
				ENABLE_TESTABILITY = YES;
				GCC_C_LANGUAGE_STANDARD = gnu11;
				GCC_DYNAMIC_NO_PIC = NO;
				GCC_NO_COMMON_BLOCKS = YES;
				GCC_OPTIMIZATION_LEVEL = 0;
				GCC_PREPROCESSOR_DEFINITIONS = (
					"DEBUG=1",
					"$(inherited)",
				);
				GCC_WARN_64_TO_32_BIT_CONVERSION = YES;
				GCC_WARN_ABOUT_RETURN_TYPE = YES_ERROR;
				GCC_WARN_UNDECLARED_SELECTOR = YES;
				GCC_WARN_UNINITIALIZED_AUTOS = YES_AGGRESSIVE;
				GCC_WARN_UNUSED_FUNCTION = YES;
				GCC_WARN_UNUSED_VARIABLE = YES;
				IPHONEOS_DEPLOYMENT_TARGET = 14.3;
				MTL_ENABLE_DEBUG_INFO = INCLUDE_SOURCE;
				MTL_FAST_MATH = YES;
				ONLY_ACTIVE_ARCH = YES;
				SDKROOT = iphoneos;
				SWIFT_ACTIVE_COMPILATION_CONDITIONS = DEBUG;
				SWIFT_OPTIMIZATION_LEVEL = "-Onone";
			};
			name = Debug;
		};
		413BD40E259975C700BD6D56 /* Release */ = {
			isa = XCBuildConfiguration;
			buildSettings = {
				ALWAYS_SEARCH_USER_PATHS = NO;
				CLANG_ANALYZER_NONNULL = YES;
				CLANG_ANALYZER_NUMBER_OBJECT_CONVERSION = YES_AGGRESSIVE;
				CLANG_CXX_LANGUAGE_STANDARD = "gnu++14";
				CLANG_CXX_LIBRARY = "libc++";
				CLANG_ENABLE_MODULES = YES;
				CLANG_ENABLE_OBJC_ARC = YES;
				CLANG_ENABLE_OBJC_WEAK = YES;
				CLANG_WARN_BLOCK_CAPTURE_AUTORELEASING = YES;
				CLANG_WARN_BOOL_CONVERSION = YES;
				CLANG_WARN_COMMA = YES;
				CLANG_WARN_CONSTANT_CONVERSION = YES;
				CLANG_WARN_DEPRECATED_OBJC_IMPLEMENTATIONS = YES;
				CLANG_WARN_DIRECT_OBJC_ISA_USAGE = YES_ERROR;
				CLANG_WARN_DOCUMENTATION_COMMENTS = YES;
				CLANG_WARN_EMPTY_BODY = YES;
				CLANG_WARN_ENUM_CONVERSION = YES;
				CLANG_WARN_INFINITE_RECURSION = YES;
				CLANG_WARN_INT_CONVERSION = YES;
				CLANG_WARN_NON_LITERAL_NULL_CONVERSION = YES;
				CLANG_WARN_OBJC_IMPLICIT_RETAIN_SELF = YES;
				CLANG_WARN_OBJC_LITERAL_CONVERSION = YES;
				CLANG_WARN_OBJC_ROOT_CLASS = YES_ERROR;
				CLANG_WARN_QUOTED_INCLUDE_IN_FRAMEWORK_HEADER = YES;
				CLANG_WARN_RANGE_LOOP_ANALYSIS = YES;
				CLANG_WARN_STRICT_PROTOTYPES = YES;
				CLANG_WARN_SUSPICIOUS_MOVE = YES;
				CLANG_WARN_UNGUARDED_AVAILABILITY = YES_AGGRESSIVE;
				CLANG_WARN_UNREACHABLE_CODE = YES;
				CLANG_WARN__DUPLICATE_METHOD_MATCH = YES;
				COPY_PHASE_STRIP = NO;
				DEBUG_INFORMATION_FORMAT = "dwarf-with-dsym";
				ENABLE_NS_ASSERTIONS = NO;
				ENABLE_STRICT_OBJC_MSGSEND = YES;
				GCC_C_LANGUAGE_STANDARD = gnu11;
				GCC_NO_COMMON_BLOCKS = YES;
				GCC_WARN_64_TO_32_BIT_CONVERSION = YES;
				GCC_WARN_ABOUT_RETURN_TYPE = YES_ERROR;
				GCC_WARN_UNDECLARED_SELECTOR = YES;
				GCC_WARN_UNINITIALIZED_AUTOS = YES_AGGRESSIVE;
				GCC_WARN_UNUSED_FUNCTION = YES;
				GCC_WARN_UNUSED_VARIABLE = YES;
				IPHONEOS_DEPLOYMENT_TARGET = 14.3;
				MTL_ENABLE_DEBUG_INFO = NO;
				MTL_FAST_MATH = YES;
				SDKROOT = iphoneos;
				SWIFT_COMPILATION_MODE = wholemodule;
				SWIFT_OPTIMIZATION_LEVEL = "-O";
				VALIDATE_PRODUCT = YES;
			};
			name = Release;
		};
		413BD410259975C700BD6D56 /* Debug */ = {
			isa = XCBuildConfiguration;
			buildSettings = {
				ASSETCATALOG_COMPILER_APPICON_NAME = AppIcon;
				ASSETCATALOG_COMPILER_GLOBAL_ACCENT_COLOR_NAME = AccentColor;
				CODE_SIGN_STYLE = Automatic;
				DEVELOPMENT_TEAM = WJUL2YM2QG;
				INFOPLIST_FILE = uikitGame/Info.plist;
				LD_RUNPATH_SEARCH_PATHS = (
					"$(inherited)",
					"@executable_path/Frameworks",
				);
				PRODUCT_BUNDLE_IDENTIFIER = NSDEVIL.uikitGame;
				PRODUCT_NAME = "$(TARGET_NAME)";
				SWIFT_VERSION = 5.0;
				TARGETED_DEVICE_FAMILY = "1,2";
			};
			name = Debug;
		};
		413BD411259975C700BD6D56 /* Release */ = {
			isa = XCBuildConfiguration;
			buildSettings = {
				ASSETCATALOG_COMPILER_APPICON_NAME = AppIcon;
				ASSETCATALOG_COMPILER_GLOBAL_ACCENT_COLOR_NAME = AccentColor;
				CODE_SIGN_STYLE = Automatic;
				DEVELOPMENT_TEAM = WJUL2YM2QG;
				INFOPLIST_FILE = uikitGame/Info.plist;
				LD_RUNPATH_SEARCH_PATHS = (
					"$(inherited)",
					"@executable_path/Frameworks",
				);
				PRODUCT_BUNDLE_IDENTIFIER = NSDEVIL.uikitGame;
				PRODUCT_NAME = "$(TARGET_NAME)";
				SWIFT_VERSION = 5.0;
				TARGETED_DEVICE_FAMILY = "1,2";
			};
			name = Release;
		};
		413BD413259975C700BD6D56 /* Debug */ = {
			isa = XCBuildConfiguration;
			buildSettings = {
				ALWAYS_EMBED_SWIFT_STANDARD_LIBRARIES = YES;
				BUNDLE_LOADER = "$(TEST_HOST)";
				CODE_SIGN_STYLE = Automatic;
				DEVELOPMENT_TEAM = WJUL2YM2QG;
				INFOPLIST_FILE = uikitGameTests/Info.plist;
				IPHONEOS_DEPLOYMENT_TARGET = 14.3;
				LD_RUNPATH_SEARCH_PATHS = (
					"$(inherited)",
					"@executable_path/Frameworks",
					"@loader_path/Frameworks",
				);
				PRODUCT_BUNDLE_IDENTIFIER = NSDEVIL.uikitGameTests;
				PRODUCT_NAME = "$(TARGET_NAME)";
				SWIFT_VERSION = 5.0;
				TARGETED_DEVICE_FAMILY = "1,2";
				TEST_HOST = "$(BUILT_PRODUCTS_DIR)/uikitGame.app/uikitGame";
			};
			name = Debug;
		};
		413BD414259975C700BD6D56 /* Release */ = {
			isa = XCBuildConfiguration;
			buildSettings = {
				ALWAYS_EMBED_SWIFT_STANDARD_LIBRARIES = YES;
				BUNDLE_LOADER = "$(TEST_HOST)";
				CODE_SIGN_STYLE = Automatic;
				DEVELOPMENT_TEAM = WJUL2YM2QG;
				INFOPLIST_FILE = uikitGameTests/Info.plist;
				IPHONEOS_DEPLOYMENT_TARGET = 14.3;
				LD_RUNPATH_SEARCH_PATHS = (
					"$(inherited)",
					"@executable_path/Frameworks",
					"@loader_path/Frameworks",
				);
				PRODUCT_BUNDLE_IDENTIFIER = NSDEVIL.uikitGameTests;
				PRODUCT_NAME = "$(TARGET_NAME)";
				SWIFT_VERSION = 5.0;
				TARGETED_DEVICE_FAMILY = "1,2";
				TEST_HOST = "$(BUILT_PRODUCTS_DIR)/uikitGame.app/uikitGame";
			};
			name = Release;
		};
		413BD416259975C700BD6D56 /* Debug */ = {
			isa = XCBuildConfiguration;
			buildSettings = {
				ALWAYS_EMBED_SWIFT_STANDARD_LIBRARIES = YES;
				CODE_SIGN_STYLE = Automatic;
				DEVELOPMENT_TEAM = WJUL2YM2QG;
				INFOPLIST_FILE = uikitGameUITests/Info.plist;
				LD_RUNPATH_SEARCH_PATHS = (
					"$(inherited)",
					"@executable_path/Frameworks",
					"@loader_path/Frameworks",
				);
				PRODUCT_BUNDLE_IDENTIFIER = NSDEVIL.uikitGameUITests;
				PRODUCT_NAME = "$(TARGET_NAME)";
				SWIFT_VERSION = 5.0;
				TARGETED_DEVICE_FAMILY = "1,2";
				TEST_TARGET_NAME = uikitGame;
			};
			name = Debug;
		};
		413BD417259975C700BD6D56 /* Release */ = {
			isa = XCBuildConfiguration;
			buildSettings = {
				ALWAYS_EMBED_SWIFT_STANDARD_LIBRARIES = YES;
				CODE_SIGN_STYLE = Automatic;
				DEVELOPMENT_TEAM = WJUL2YM2QG;
				INFOPLIST_FILE = uikitGameUITests/Info.plist;
				LD_RUNPATH_SEARCH_PATHS = (
					"$(inherited)",
					"@executable_path/Frameworks",
					"@loader_path/Frameworks",
				);
				PRODUCT_BUNDLE_IDENTIFIER = NSDEVIL.uikitGameUITests;
				PRODUCT_NAME = "$(TARGET_NAME)";
				SWIFT_VERSION = 5.0;
				TARGETED_DEVICE_FAMILY = "1,2";
				TEST_TARGET_NAME = uikitGame;
			};
			name = Release;
		};
/* End XCBuildConfiguration section */

/* Begin XCConfigurationList section */
		413BD3E0259975C400BD6D56 /* Build configuration list for PBXProject "uikitGame" */ = {
			isa = XCConfigurationList;
			buildConfigurations = (
				413BD40D259975C700BD6D56 /* Debug */,
				413BD40E259975C700BD6D56 /* Release */,
			);
			defaultConfigurationIsVisible = 0;
			defaultConfigurationName = Release;
		};
		413BD40F259975C700BD6D56 /* Build configuration list for PBXNativeTarget "uikitGame" */ = {
			isa = XCConfigurationList;
			buildConfigurations = (
				413BD410259975C700BD6D56 /* Debug */,
				413BD411259975C700BD6D56 /* Release */,
			);
			defaultConfigurationIsVisible = 0;
			defaultConfigurationName = Release;
		};
		413BD412259975C700BD6D56 /* Build configuration list for PBXNativeTarget "uikitGameTests" */ = {
			isa = XCConfigurationList;
			buildConfigurations = (
				413BD413259975C700BD6D56 /* Debug */,
				413BD414259975C700BD6D56 /* Release */,
			);
			defaultConfigurationIsVisible = 0;
			defaultConfigurationName = Release;
		};
		413BD415259975C700BD6D56 /* Build configuration list for PBXNativeTarget "uikitGameUITests" */ = {
			isa = XCConfigurationList;
			buildConfigurations = (
				413BD416259975C700BD6D56 /* Debug */,
				413BD417259975C700BD6D56 /* Release */,
			);
			defaultConfigurationIsVisible = 0;
			defaultConfigurationName = Release;
		};
/* End XCConfigurationList section */
	};
	rootObject = 413BD3DD259975C400BD6D56 /* Project object */;
}
